<?xml version="1.0" encoding="UTF-8"?>
<CodeBlocks_project_file>
	<FileVersion major="1" minor="6"/>
	<Project>
		<Option title="CommoTalkie"/>
		<Option makefile_is_custom="1"/>
		<Option compiler="gcc"/>
		<Option virtualFolders="CMake Files\;CMake Files\src\;CMake Files\test\;CMake Files\test\mock\;"/>
		<Build>
			<Target title="all">
				<Option working_dir="/home/jaume/workspace/agrosensitive/commo/commotalkie"/>
				<Option type="4"/>
				<MakeCommands>
					<Build command="/usr/bin/gmake -f &quot;/home/jaume/workspace/agrosensitive/commo/commotalkie/Makefile&quot;  VERBOSE=1 all"/>
					<CompileFile command="/usr/bin/gmake -f &quot;/home/jaume/workspace/agrosensitive/commo/commotalkie/Makefile&quot;  VERBOSE=1 &quot;$file&quot;"/>
					<Clean command="/usr/bin/gmake -f &quot;/home/jaume/workspace/agrosensitive/commo/commotalkie/Makefile&quot;  VERBOSE=1 clean"/>
					<DistClean command="/usr/bin/gmake -f &quot;/home/jaume/workspace/agrosensitive/commo/commotalkie/Makefile&quot;  VERBOSE=1 clean"/>
				</MakeCommands>
			</Target>
			<Target title="rebuild_cache">
				<Option working_dir="/home/jaume/workspace/agrosensitive/commo/commotalkie"/>
				<Option type="4"/>
				<MakeCommands>
					<Build command="/usr/bin/gmake -f &quot;/home/jaume/workspace/agrosensitive/commo/commotalkie/Makefile&quot;  VERBOSE=1 rebuild_cache"/>
					<CompileFile command="/usr/bin/gmake -f &quot;/home/jaume/workspace/agrosensitive/commo/commotalkie/Makefile&quot;  VERBOSE=1 &quot;$file&quot;"/>
					<Clean command="/usr/bin/gmake -f &quot;/home/jaume/workspace/agrosensitive/commo/commotalkie/Makefile&quot;  VERBOSE=1 clean"/>
					<DistClean command="/usr/bin/gmake -f &quot;/home/jaume/workspace/agrosensitive/commo/commotalkie/Makefile&quot;  VERBOSE=1 clean"/>
				</MakeCommands>
			</Target>
			<Target title="edit_cache">
				<Option working_dir="/home/jaume/workspace/agrosensitive/commo/commotalkie"/>
				<Option type="4"/>
				<MakeCommands>
					<Build command="/usr/bin/gmake -f &quot;/home/jaume/workspace/agrosensitive/commo/commotalkie/Makefile&quot;  VERBOSE=1 edit_cache"/>
					<CompileFile command="/usr/bin/gmake -f &quot;/home/jaume/workspace/agrosensitive/commo/commotalkie/Makefile&quot;  VERBOSE=1 &quot;$file&quot;"/>
					<Clean command="/usr/bin/gmake -f &quot;/home/jaume/workspace/agrosensitive/commo/commotalkie/Makefile&quot;  VERBOSE=1 clean"/>
					<DistClean command="/usr/bin/gmake -f &quot;/home/jaume/workspace/agrosensitive/commo/commotalkie/Makefile&quot;  VERBOSE=1 clean"/>
				</MakeCommands>
			</Target>
			<Target title="SumMessageValidator">
				<Option output="/home/jaume/workspace/agrosensitive/commo/commotalkie/lib/libSumMessageValidator.a" prefix_auto="0" extension_auto="0"/>
				<Option working_dir="/home/jaume/workspace/agrosensitive/commo/commotalkie/src"/>
				<Option object_output="./"/>
				<Option type="2"/>
				<Option compiler="gcc"/>
				<Compiler>
					<Add directory="/home/jaume/workspace/agrosensitive/commo/commotalkie/src/../include"/>
					<Add directory="/home/jaume/workspace/agrosensitive/commo/commotalkie/src/../include/message"/>
				</Compiler>
				<MakeCommands>
					<Build command="/usr/bin/gmake -f &quot;/home/jaume/workspace/agrosensitive/commo/commotalkie/src/Makefile&quot;  VERBOSE=1 SumMessageValidator"/>
					<CompileFile command="/usr/bin/gmake -f &quot;/home/jaume/workspace/agrosensitive/commo/commotalkie/src/Makefile&quot;  VERBOSE=1 &quot;$file&quot;"/>
					<Clean command="/usr/bin/gmake -f &quot;/home/jaume/workspace/agrosensitive/commo/commotalkie/src/Makefile&quot;  VERBOSE=1 clean"/>
					<DistClean command="/usr/bin/gmake -f &quot;/home/jaume/workspace/agrosensitive/commo/commotalkie/src/Makefile&quot;  VERBOSE=1 clean"/>
				</MakeCommands>
			</Target>
			<Target title="SumMessageValidator/fast">
				<Option output="/home/jaume/workspace/agrosensitive/commo/commotalkie/lib/libSumMessageValidator.a" prefix_auto="0" extension_auto="0"/>
				<Option working_dir="/home/jaume/workspace/agrosensitive/commo/commotalkie/src"/>
				<Option object_output="./"/>
				<Option type="2"/>
				<Option compiler="gcc"/>
				<Compiler>
					<Add directory="/home/jaume/workspace/agrosensitive/commo/commotalkie/src/../include"/>
					<Add directory="/home/jaume/workspace/agrosensitive/commo/commotalkie/src/../include/message"/>
				</Compiler>
				<MakeCommands>
					<Build command="/usr/bin/gmake -f &quot;/home/jaume/workspace/agrosensitive/commo/commotalkie/src/Makefile&quot;  VERBOSE=1 SumMessageValidator/fast"/>
					<CompileFile command="/usr/bin/gmake -f &quot;/home/jaume/workspace/agrosensitive/commo/commotalkie/src/Makefile&quot;  VERBOSE=1 &quot;$file&quot;"/>
					<Clean command="/usr/bin/gmake -f &quot;/home/jaume/workspace/agrosensitive/commo/commotalkie/src/Makefile&quot;  VERBOSE=1 clean"/>
					<DistClean command="/usr/bin/gmake -f &quot;/home/jaume/workspace/agrosensitive/commo/commotalkie/src/Makefile&quot;  VERBOSE=1 clean"/>
				</MakeCommands>
			</Target>
			<Target title="PlainMessageFormatter">
				<Option output="/home/jaume/workspace/agrosensitive/commo/commotalkie/lib/libPlainMessageFormatter.a" prefix_auto="0" extension_auto="0"/>
				<Option working_dir="/home/jaume/workspace/agrosensitive/commo/commotalkie/src"/>
				<Option object_output="./"/>
				<Option type="2"/>
				<Option compiler="gcc"/>
				<Compiler>
					<Add directory="/home/jaume/workspace/agrosensitive/commo/commotalkie/src/../include"/>
					<Add directory="/home/jaume/workspace/agrosensitive/commo/commotalkie/src/../include/message"/>
				</Compiler>
				<MakeCommands>
					<Build command="/usr/bin/gmake -f &quot;/home/jaume/workspace/agrosensitive/commo/commotalkie/src/Makefile&quot;  VERBOSE=1 PlainMessageFormatter"/>
					<CompileFile command="/usr/bin/gmake -f &quot;/home/jaume/workspace/agrosensitive/commo/commotalkie/src/Makefile&quot;  VERBOSE=1 &quot;$file&quot;"/>
					<Clean command="/usr/bin/gmake -f &quot;/home/jaume/workspace/agrosensitive/commo/commotalkie/src/Makefile&quot;  VERBOSE=1 clean"/>
					<DistClean command="/usr/bin/gmake -f &quot;/home/jaume/workspace/agrosensitive/commo/commotalkie/src/Makefile&quot;  VERBOSE=1 clean"/>
				</MakeCommands>
			</Target>
			<Target title="PlainMessageFormatter/fast">
				<Option output="/home/jaume/workspace/agrosensitive/commo/commotalkie/lib/libPlainMessageFormatter.a" prefix_auto="0" extension_auto="0"/>
				<Option working_dir="/home/jaume/workspace/agrosensitive/commo/commotalkie/src"/>
				<Option object_output="./"/>
				<Option type="2"/>
				<Option compiler="gcc"/>
				<Compiler>
					<Add directory="/home/jaume/workspace/agrosensitive/commo/commotalkie/src/../include"/>
					<Add directory="/home/jaume/workspace/agrosensitive/commo/commotalkie/src/../include/message"/>
				</Compiler>
				<MakeCommands>
					<Build command="/usr/bin/gmake -f &quot;/home/jaume/workspace/agrosensitive/commo/commotalkie/src/Makefile&quot;  VERBOSE=1 PlainMessageFormatter/fast"/>
					<CompileFile command="/usr/bin/gmake -f &quot;/home/jaume/workspace/agrosensitive/commo/commotalkie/src/Makefile&quot;  VERBOSE=1 &quot;$file&quot;"/>
					<Clean command="/usr/bin/gmake -f &quot;/home/jaume/workspace/agrosensitive/commo/commotalkie/src/Makefile&quot;  VERBOSE=1 clean"/>
					<DistClean command="/usr/bin/gmake -f &quot;/home/jaume/workspace/agrosensitive/commo/commotalkie/src/Makefile&quot;  VERBOSE=1 clean"/>
				</MakeCommands>
			</Target>
			<Target title="PackingTest">
				<Option output="/home/jaume/workspace/agrosensitive/commo/commotalkie/lib/libPackingTest.a" prefix_auto="0" extension_auto="0"/>
				<Option working_dir="/home/jaume/workspace/agrosensitive/commo/commotalkie/test"/>
				<Option object_output="./"/>
				<Option type="2"/>
				<Option compiler="gcc"/>
				<Compiler>
					<Add directory="/home/jaume/workspace/agrosensitive/commo/commotalkie/test/../include"/>
					<Add directory="/home/jaume/workspace/agrosensitive/commo/commotalkie/test/../include/message"/>
					<Add directory="/home/jaume/workspace/agrosensitive/commo/commotalkie/test/../test/mock"/>
					<Add directory="/usr/local/include/CppUTest"/>
				</Compiler>
				<MakeCommands>
					<Build command="/usr/bin/gmake -f &quot;/home/jaume/workspace/agrosensitive/commo/commotalkie/test/Makefile&quot;  VERBOSE=1 PackingTest"/>
					<CompileFile command="/usr/bin/gmake -f &quot;/home/jaume/workspace/agrosensitive/commo/commotalkie/test/Makefile&quot;  VERBOSE=1 &quot;$file&quot;"/>
					<Clean command="/usr/bin/gmake -f &quot;/home/jaume/workspace/agrosensitive/commo/commotalkie/test/Makefile&quot;  VERBOSE=1 clean"/>
					<DistClean command="/usr/bin/gmake -f &quot;/home/jaume/workspace/agrosensitive/commo/commotalkie/test/Makefile&quot;  VERBOSE=1 clean"/>
				</MakeCommands>
			</Target>
			<Target title="PackingTest/fast">
				<Option output="/home/jaume/workspace/agrosensitive/commo/commotalkie/lib/libPackingTest.a" prefix_auto="0" extension_auto="0"/>
				<Option working_dir="/home/jaume/workspace/agrosensitive/commo/commotalkie/test"/>
				<Option object_output="./"/>
				<Option type="2"/>
				<Option compiler="gcc"/>
				<Compiler>
					<Add directory="/home/jaume/workspace/agrosensitive/commo/commotalkie/test/../include"/>
					<Add directory="/home/jaume/workspace/agrosensitive/commo/commotalkie/test/../include/message"/>
					<Add directory="/home/jaume/workspace/agrosensitive/commo/commotalkie/test/../test/mock"/>
					<Add directory="/usr/local/include/CppUTest"/>
				</Compiler>
				<MakeCommands>
					<Build command="/usr/bin/gmake -f &quot;/home/jaume/workspace/agrosensitive/commo/commotalkie/test/Makefile&quot;  VERBOSE=1 PackingTest/fast"/>
					<CompileFile command="/usr/bin/gmake -f &quot;/home/jaume/workspace/agrosensitive/commo/commotalkie/test/Makefile&quot;  VERBOSE=1 &quot;$file&quot;"/>
					<Clean command="/usr/bin/gmake -f &quot;/home/jaume/workspace/agrosensitive/commo/commotalkie/test/Makefile&quot;  VERBOSE=1 clean"/>
					<DistClean command="/usr/bin/gmake -f &quot;/home/jaume/workspace/agrosensitive/commo/commotalkie/test/Makefile&quot;  VERBOSE=1 clean"/>
				</MakeCommands>
			</Target>
			<Target title="ValidatingTest">
				<Option output="/home/jaume/workspace/agrosensitive/commo/commotalkie/lib/libValidatingTest.a" prefix_auto="0" extension_auto="0"/>
				<Option working_dir="/home/jaume/workspace/agrosensitive/commo/commotalkie/test"/>
				<Option object_output="./"/>
				<Option type="2"/>
				<Option compiler="gcc"/>
				<Compiler>
					<Add directory="/home/jaume/workspace/agrosensitive/commo/commotalkie/test/../include"/>
					<Add directory="/home/jaume/workspace/agrosensitive/commo/commotalkie/test/../include/message"/>
					<Add directory="/home/jaume/workspace/agrosensitive/commo/commotalkie/test/../test/mock"/>
					<Add directory="/usr/local/include/CppUTest"/>
				</Compiler>
				<MakeCommands>
					<Build command="/usr/bin/gmake -f &quot;/home/jaume/workspace/agrosensitive/commo/commotalkie/test/Makefile&quot;  VERBOSE=1 ValidatingTest"/>
					<CompileFile command="/usr/bin/gmake -f &quot;/home/jaume/workspace/agrosensitive/commo/commotalkie/test/Makefile&quot;  VERBOSE=1 &quot;$file&quot;"/>
					<Clean command="/usr/bin/gmake -f &quot;/home/jaume/workspace/agrosensitive/commo/commotalkie/test/Makefile&quot;  VERBOSE=1 clean"/>
					<DistClean command="/usr/bin/gmake -f &quot;/home/jaume/workspace/agrosensitive/commo/commotalkie/test/Makefile&quot;  VERBOSE=1 clean"/>
				</MakeCommands>
			</Target>
			<Target title="ValidatingTest/fast">
				<Option output="/home/jaume/workspace/agrosensitive/commo/commotalkie/lib/libValidatingTest.a" prefix_auto="0" extension_auto="0"/>
				<Option working_dir="/home/jaume/workspace/agrosensitive/commo/commotalkie/test"/>
				<Option object_output="./"/>
				<Option type="2"/>
				<Option compiler="gcc"/>
				<Compiler>
					<Add directory="/home/jaume/workspace/agrosensitive/commo/commotalkie/test/../include"/>
					<Add directory="/home/jaume/workspace/agrosensitive/commo/commotalkie/test/../include/message"/>
					<Add directory="/home/jaume/workspace/agrosensitive/commo/commotalkie/test/../test/mock"/>
					<Add directory="/usr/local/include/CppUTest"/>
				</Compiler>
				<MakeCommands>
					<Build command="/usr/bin/gmake -f &quot;/home/jaume/workspace/agrosensitive/commo/commotalkie/test/Makefile&quot;  VERBOSE=1 ValidatingTest/fast"/>
					<CompileFile command="/usr/bin/gmake -f &quot;/home/jaume/workspace/agrosensitive/commo/commotalkie/test/Makefile&quot;  VERBOSE=1 &quot;$file&quot;"/>
					<Clean command="/usr/bin/gmake -f &quot;/home/jaume/workspace/agrosensitive/commo/commotalkie/test/Makefile&quot;  VERBOSE=1 clean"/>
					<DistClean command="/usr/bin/gmake -f &quot;/home/jaume/workspace/agrosensitive/commo/commotalkie/test/Makefile&quot;  VERBOSE=1 clean"/>
				</MakeCommands>
			</Target>
			<Target title="RunAllTests">
				<Option output="/home/jaume/workspace/agrosensitive/commo/commotalkie/bin/RunAllTests" prefix_auto="0" extension_auto="0"/>
				<Option working_dir="/home/jaume/workspace/agrosensitive/commo/commotalkie/bin"/>
				<Option object_output="./"/>
				<Option type="1"/>
				<Option compiler="gcc"/>
				<Compiler>
					<Add directory="/home/jaume/workspace/agrosensitive/commo/commotalkie/test/../include"/>
					<Add directory="/home/jaume/workspace/agrosensitive/commo/commotalkie/test/../include/message"/>
					<Add directory="/home/jaume/workspace/agrosensitive/commo/commotalkie/test/../test/mock"/>
					<Add directory="/usr/local/include/CppUTest"/>
				</Compiler>
				<MakeCommands>
					<Build command="/usr/bin/gmake -f &quot;/home/jaume/workspace/agrosensitive/commo/commotalkie/test/Makefile&quot;  VERBOSE=1 RunAllTests"/>
					<CompileFile command="/usr/bin/gmake -f &quot;/home/jaume/workspace/agrosensitive/commo/commotalkie/test/Makefile&quot;  VERBOSE=1 &quot;$file&quot;"/>
					<Clean command="/usr/bin/gmake -f &quot;/home/jaume/workspace/agrosensitive/commo/commotalkie/test/Makefile&quot;  VERBOSE=1 clean"/>
					<DistClean command="/usr/bin/gmake -f &quot;/home/jaume/workspace/agrosensitive/commo/commotalkie/test/Makefile&quot;  VERBOSE=1 clean"/>
				</MakeCommands>
			</Target>
			<Target title="RunAllTests/fast">
				<Option output="/home/jaume/workspace/agrosensitive/commo/commotalkie/bin/RunAllTests" prefix_auto="0" extension_auto="0"/>
				<Option working_dir="/home/jaume/workspace/agrosensitive/commo/commotalkie/bin"/>
				<Option object_output="./"/>
				<Option type="1"/>
				<Option compiler="gcc"/>
				<Compiler>
					<Add directory="/home/jaume/workspace/agrosensitive/commo/commotalkie/test/../include"/>
					<Add directory="/home/jaume/workspace/agrosensitive/commo/commotalkie/test/../include/message"/>
					<Add directory="/home/jaume/workspace/agrosensitive/commo/commotalkie/test/../test/mock"/>
					<Add directory="/usr/local/include/CppUTest"/>
				</Compiler>
				<MakeCommands>
					<Build command="/usr/bin/gmake -f &quot;/home/jaume/workspace/agrosensitive/commo/commotalkie/test/Makefile&quot;  VERBOSE=1 RunAllTests/fast"/>
					<CompileFile command="/usr/bin/gmake -f &quot;/home/jaume/workspace/agrosensitive/commo/commotalkie/test/Makefile&quot;  VERBOSE=1 &quot;$file&quot;"/>
					<Clean command="/usr/bin/gmake -f &quot;/home/jaume/workspace/agrosensitive/commo/commotalkie/test/Makefile&quot;  VERBOSE=1 clean"/>
					<DistClean command="/usr/bin/gmake -f &quot;/home/jaume/workspace/agrosensitive/commo/commotalkie/test/Makefile&quot;  VERBOSE=1 clean"/>
				</MakeCommands>
			</Target>
		</Build>
		<Unit filename="/home/jaume/workspace/agrosensitive/commo/commotalkie/src/message/PlainMessageFormatter.c">
			<Option target="PlainMessageFormatter"/>
		</Unit>
		<Unit filename="/home/jaume/workspace/agrosensitive/commo/commotalkie/src/message/SumMessageValidator.c">
			<Option target="SumMessageValidator"/>
		</Unit>
		<Unit filename="/home/jaume/workspace/agrosensitive/commo/commotalkie/test/PackingTest.cpp">
			<Option target="PackingTest"/>
		</Unit>
		<Unit filename="/home/jaume/workspace/agrosensitive/commo/commotalkie/test/RunAllTests.cpp">
			<Option target="RunAllTests"/>
		</Unit>
		<Unit filename="/home/jaume/workspace/agrosensitive/commo/commotalkie/test/ValidatingTest.cpp">
			<Option target="ValidatingTest"/>
		</Unit>
		<Unit filename="/home/jaume/workspace/agrosensitive/commo/commotalkie/CMakeLists.txt">
			<Option virtualFolder="CMake Files\"/>
		</Unit>
		<Unit filename="/home/jaume/workspace/agrosensitive/commo/commotalkie/src/CMakeLists.txt">
			<Option virtualFolder="CMake Files\src\"/>
		</Unit>
		<Unit filename="/home/jaume/workspace/agrosensitive/commo/commotalkie/test/CMakeLists.txt">
			<Option virtualFolder="CMake Files\test\"/>
		</Unit>
		<Unit filename="/home/jaume/workspace/agrosensitive/commo/commotalkie/test/mock/CMakeLists.txt">
			<Option virtualFolder="CMake Files\test\mock\"/>
		</Unit>
	</Project>
</CodeBlocks_project_file>
